
Microsoft Visual Studio Solution File, Format Version 12.00
# Visual Studio Version 16
VisualStudioVersion = 16.0.34301.259
MinimumVisualStudioVersion = 10.0.40219.1
Project("{8BC9CEB8-8B4A-11D0-8D11-00A0C91BC942}") = "Homework", "Homework\Homework.vcxproj", "{694F346B-356E-45EF-9E06-FF702A68C3B1}"
EndProject
Global
	GlobalSection(SolutionConfigurationPlatforms) = preSolution
		Debug|x64 = Debug|x64
		Debug|x86 = Debug|x86
		Release|x64 = Release|x64
		Release|x86 = Release|x86
	EndGlobalSection
	GlobalSection(ProjectConfigurationPlatforms) = postSolution
		{694F346B-356E-45EF-9E06-FF702A68C3B1}.Debug|x64.ActiveCfg = Debug|x64
		{694F346B-356E-45EF-9E06-FF702A68C3B1}.Debug|x64.Build.0 = Debug|x64
		{694F346B-356E-45EF-9E06-FF702A68C3B1}.Debug|x86.ActiveCfg = Debug|Win32
		{694F346B-356E-45EF-9E06-FF702A68C3B1}.Debug|x86.Build.0 = Debug|Win32
		{694F346B-356E-45EF-9E06-FF702A68C3B1}.Release|x64.ActiveCfg = Release|x64
		{694F346B-356E-45EF-9E06-FF702A68C3B1}.Release|x64.Build.0 = Release|x64
		{694F346B-356E-45EF-9E06-FF702A68C3B1}.Release|x86.ActiveCfg = Release|Win32
		{694F346B-356E-45EF-9E06-FF702A68C3B1}.Release|x86.Build.0 = Release|Win32
	EndGlobalSection
	GlobalSection(SolutionProperties) = preSolution
		HideSolutionNode = FALSE
	EndGlobalSection
	GlobalSection(ExtensibilityGlobals) = postSolution
		SolutionGuid = {D2500B0C-82D7-4687-9C24-66A3BB5B6A3C}
	EndGlobalSection
EndGlobal
